
Microsoft Visual Studio Solution File, Format Version 12.00
# Visual Studio Version 16
VisualStudioVersion = 16.0.29806.167
MinimumVisualStudioVersion = 10.0.40219.1
Project("{FAE04EC0-301F-11D3-BF4B-00C04F79EFBC}") = "EasterRaces", "D:\C#\C# OOP\TEXT C# OP\ExamPreparation_OOP\EasterRaces\EasterRaces.csproj", "{EFE3844F-677B-4EBA-AFB5-B230B8B465E7}"
EndProject
Global
	GlobalSection(SolutionConfigurationPlatforms) = preSolution
		Debug|Any CPU = Debug|Any CPU
		Release|Any CPU = Release|Any CPU
	EndGlobalSection
	GlobalSection(ProjectConfigurationPlatforms) = postSolution
		{EFE3844F-677B-4EBA-AFB5-B230B8B465E7}.Debug|Any CPU.ActiveCfg = Debug|Any CPU
		{EFE3844F-677B-4EBA-AFB5-B230B8B465E7}.Debug|Any CPU.Build.0 = Debug|Any CPU
		{EFE3844F-677B-4EBA-AFB5-B230B8B465E7}.Release|Any CPU.ActiveCfg = Release|Any CPU
		{EFE3844F-677B-4EBA-AFB5-B230B8B465E7}.Release|Any CPU.Build.0 = Release|Any CPU
	EndGlobalSection
	GlobalSection(SolutionProperties) = preSolution
		HideSolutionNode = FALSE
	EndGlobalSection
	GlobalSection(ExtensibilityGlobals) = postSolution
		SolutionGuid = {E54ADD66-3C36-4AB8-9714-F93DA9DEB3BF}
	EndGlobalSection
EndGlobal
